
Microsoft Visual Studio Solution File, Format Version 12.00
# Visual Studio Version 17
VisualStudioVersion = 17.10.34928.147
MinimumVisualStudioVersion = 10.0.40219.1
Project("{FAE04EC0-301F-11D3-BF4B-00C04F79EFBC}") = "YapcarSpriteViewer", "YapcarSpriteViewer.csproj", "{B24D6E93-F87B-4449-86BF-E0648B8DCBA9}"
EndProject
Global
	GlobalSection(SolutionConfigurationPlatforms) = preSolution
		Debug|Any CPU = Debug|Any CPU
		Release|Any CPU = Release|Any CPU
	EndGlobalSection
	GlobalSection(ProjectConfigurationPlatforms) = postSolution
		{B24D6E93-F87B-4449-86BF-E0648B8DCBA9}.Debug|Any CPU.ActiveCfg = Debug|Any CPU
		{B24D6E93-F87B-4449-86BF-E0648B8DCBA9}.Debug|Any CPU.Build.0 = Debug|Any CPU
		{B24D6E93-F87B-4449-86BF-E0648B8DCBA9}.Release|Any CPU.ActiveCfg = Release|Any CPU
		{B24D6E93-F87B-4449-86BF-E0648B8DCBA9}.Release|Any CPU.Build.0 = Release|Any CPU
	EndGlobalSection
	GlobalSection(SolutionProperties) = preSolution
		HideSolutionNode = FALSE
	EndGlobalSection
	GlobalSection(ExtensibilityGlobals) = postSolution
		SolutionGuid = {94D0D561-BFE3-4224-BB1A-68894A01F469}
	EndGlobalSection
EndGlobal
